
Microsoft Visual Studio Solution File, Format Version 12.00
# Visual Studio Version 17
VisualStudioVersion = 17.5.002.0
MinimumVisualStudioVersion = 10.0.40219.1
Project("{9A19103F-16F7-4668-BE54-9A1E7A4F7556}") = "EscapeRoom", "EscapeRoom\EscapeRoom.csproj", "{280DCD28-5517-4FE0-B345-92DCDFF386B3}"
EndProject
Global
	GlobalSection(SolutionConfigurationPlatforms) = preSolution
		Debug|Any CPU = Debug|Any CPU
		Release|Any CPU = Release|Any CPU
	EndGlobalSection
	GlobalSection(ProjectConfigurationPlatforms) = postSolution
		{280DCD28-5517-4FE0-B345-92DCDFF386B3}.Debug|Any CPU.ActiveCfg = Debug|Any CPU
		{280DCD28-5517-4FE0-B345-92DCDFF386B3}.Debug|Any CPU.Build.0 = Debug|Any CPU
		{280DCD28-5517-4FE0-B345-92DCDFF386B3}.Release|Any CPU.ActiveCfg = Release|Any CPU
		{280DCD28-5517-4FE0-B345-92DCDFF386B3}.Release|Any CPU.Build.0 = Release|Any CPU
	EndGlobalSection
	GlobalSection(SolutionProperties) = preSolution
		HideSolutionNode = FALSE
	EndGlobalSection
	GlobalSection(ExtensibilityGlobals) = postSolution
		SolutionGuid = {44910FB0-882C-495F-A33A-6EE4440B9050}
	EndGlobalSection
EndGlobal
